
Microsoft Visual Studio Solution File, Format Version 12.00
# Visual Studio 15
VisualStudioVersion = 15.0.27428.2043
MinimumVisualStudioVersion = 10.0.40219.1
Project("{FAE04EC0-301F-11D3-BF4B-00C04F79EFBC}") = "mcsForm", "mcsForm.csproj", "{BB041F85-9DAF-4791-81B8-731C1B8E7D1B}"
EndProject
Project("{FAE04EC0-301F-11D3-BF4B-00C04F79EFBC}") = "mcs", "..\mcs\mcs.csproj", "{29E3884E-3EED-4A26-8155-BD93E576E2CD}"
EndProject
Global
	GlobalSection(SolutionConfigurationPlatforms) = preSolution
		Debug|Any CPU = Debug|Any CPU
		Release|Any CPU = Release|Any CPU
	EndGlobalSection
	GlobalSection(ProjectConfigurationPlatforms) = postSolution
		{BB041F85-9DAF-4791-81B8-731C1B8E7D1B}.Debug|Any CPU.ActiveCfg = Debug|Any CPU
		{BB041F85-9DAF-4791-81B8-731C1B8E7D1B}.Debug|Any CPU.Build.0 = Debug|Any CPU
		{BB041F85-9DAF-4791-81B8-731C1B8E7D1B}.Release|Any CPU.ActiveCfg = Release|Any CPU
		{BB041F85-9DAF-4791-81B8-731C1B8E7D1B}.Release|Any CPU.Build.0 = Release|Any CPU
		{29E3884E-3EED-4A26-8155-BD93E576E2CD}.Debug|Any CPU.ActiveCfg = Debug|Any CPU
		{29E3884E-3EED-4A26-8155-BD93E576E2CD}.Debug|Any CPU.Build.0 = Debug|Any CPU
		{29E3884E-3EED-4A26-8155-BD93E576E2CD}.Release|Any CPU.ActiveCfg = Release|Any CPU
		{29E3884E-3EED-4A26-8155-BD93E576E2CD}.Release|Any CPU.Build.0 = Release|Any CPU
	EndGlobalSection
	GlobalSection(SolutionProperties) = preSolution
		HideSolutionNode = FALSE
	EndGlobalSection
	GlobalSection(ExtensibilityGlobals) = postSolution
		SolutionGuid = {A4FA34C6-7866-43E1-BDB7-1A7450ED4500}
	EndGlobalSection
EndGlobal
