
Microsoft Visual Studio Solution File, Format Version 12.00
# Visual Studio Version 17
VisualStudioVersion = 17.0.32112.339
MinimumVisualStudioVersion = 10.0.40219.1
Project("{9A19103F-16F7-4668-BE54-9A1E7A4F7556}") = "mcsForm", "mcsForm.csproj", "{BB041F85-9DAF-4791-81B8-731C1B8E7D1B}"
EndProject
Project("{9A19103F-16F7-4668-BE54-9A1E7A4F7556}") = "mcs", "..\mcs\mcs.csproj", "{29E3884E-3EED-4A26-8155-BD93E576E2CD}"
EndProject
Project("{9A19103F-16F7-4668-BE54-9A1E7A4F7556}") = "SharpCompress-mcs", "..\mcs\3rdparty\SharpCompress\SharpCompress-mcs.csproj", "{044B4CDD-3E5C-49EA-89A5-AD1A43166025}"
EndProject
Project("{9A19103F-16F7-4668-BE54-9A1E7A4F7556}") = "mcs_base", "..\mcs\mcs_base.csproj", "{ECEA07E0-16BE-4760-9341-766BCF7502B6}"
EndProject
Project("{9A19103F-16F7-4668-BE54-9A1E7A4F7556}") = "mcs_3rdparty", "..\mcs\mcs_3rdparty.csproj", "{EE54BD70-CA7B-476A-A308-A1C13D630979}"
EndProject
Global
	GlobalSection(SolutionConfigurationPlatforms) = preSolution
		Debug_Unsafe|Any CPU = Debug_Unsafe|Any CPU
		Debug|Any CPU = Debug|Any CPU
		Release_Unsafe|Any CPU = Release_Unsafe|Any CPU
		Release|Any CPU = Release|Any CPU
	EndGlobalSection
	GlobalSection(ProjectConfigurationPlatforms) = postSolution
		{BB041F85-9DAF-4791-81B8-731C1B8E7D1B}.Debug_Unsafe|Any CPU.ActiveCfg = Debug|Any CPU
		{BB041F85-9DAF-4791-81B8-731C1B8E7D1B}.Debug_Unsafe|Any CPU.Build.0 = Debug|Any CPU
		{BB041F85-9DAF-4791-81B8-731C1B8E7D1B}.Debug|Any CPU.ActiveCfg = Debug|Any CPU
		{BB041F85-9DAF-4791-81B8-731C1B8E7D1B}.Debug|Any CPU.Build.0 = Debug|Any CPU
		{BB041F85-9DAF-4791-81B8-731C1B8E7D1B}.Release_Unsafe|Any CPU.ActiveCfg = Release|Any CPU
		{BB041F85-9DAF-4791-81B8-731C1B8E7D1B}.Release_Unsafe|Any CPU.Build.0 = Release|Any CPU
		{BB041F85-9DAF-4791-81B8-731C1B8E7D1B}.Release|Any CPU.ActiveCfg = Release|Any CPU
		{BB041F85-9DAF-4791-81B8-731C1B8E7D1B}.Release|Any CPU.Build.0 = Release|Any CPU
		{29E3884E-3EED-4A26-8155-BD93E576E2CD}.Debug_Unsafe|Any CPU.ActiveCfg = Debug_Unsafe|Any CPU
		{29E3884E-3EED-4A26-8155-BD93E576E2CD}.Debug_Unsafe|Any CPU.Build.0 = Debug_Unsafe|Any CPU
		{29E3884E-3EED-4A26-8155-BD93E576E2CD}.Debug|Any CPU.ActiveCfg = Debug|Any CPU
		{29E3884E-3EED-4A26-8155-BD93E576E2CD}.Debug|Any CPU.Build.0 = Debug|Any CPU
		{29E3884E-3EED-4A26-8155-BD93E576E2CD}.Release_Unsafe|Any CPU.ActiveCfg = Release_Unsafe|Any CPU
		{29E3884E-3EED-4A26-8155-BD93E576E2CD}.Release_Unsafe|Any CPU.Build.0 = Release_Unsafe|Any CPU
		{29E3884E-3EED-4A26-8155-BD93E576E2CD}.Release|Any CPU.ActiveCfg = Release|Any CPU
		{29E3884E-3EED-4A26-8155-BD93E576E2CD}.Release|Any CPU.Build.0 = Release|Any CPU
		{044B4CDD-3E5C-49EA-89A5-AD1A43166025}.Debug_Unsafe|Any CPU.ActiveCfg = Debug|Any CPU
		{044B4CDD-3E5C-49EA-89A5-AD1A43166025}.Debug_Unsafe|Any CPU.Build.0 = Debug|Any CPU
		{044B4CDD-3E5C-49EA-89A5-AD1A43166025}.Debug|Any CPU.ActiveCfg = Debug|Any CPU
		{044B4CDD-3E5C-49EA-89A5-AD1A43166025}.Debug|Any CPU.Build.0 = Debug|Any CPU
		{044B4CDD-3E5C-49EA-89A5-AD1A43166025}.Release_Unsafe|Any CPU.ActiveCfg = Release|Any CPU
		{044B4CDD-3E5C-49EA-89A5-AD1A43166025}.Release_Unsafe|Any CPU.Build.0 = Release|Any CPU
		{044B4CDD-3E5C-49EA-89A5-AD1A43166025}.Release|Any CPU.ActiveCfg = Release|Any CPU
		{044B4CDD-3E5C-49EA-89A5-AD1A43166025}.Release|Any CPU.Build.0 = Release|Any CPU
		{ECEA07E0-16BE-4760-9341-766BCF7502B6}.Debug_Unsafe|Any CPU.ActiveCfg = Debug|Any CPU
		{ECEA07E0-16BE-4760-9341-766BCF7502B6}.Debug_Unsafe|Any CPU.Build.0 = Debug|Any CPU
		{ECEA07E0-16BE-4760-9341-766BCF7502B6}.Debug|Any CPU.ActiveCfg = Debug|Any CPU
		{ECEA07E0-16BE-4760-9341-766BCF7502B6}.Debug|Any CPU.Build.0 = Debug|Any CPU
		{ECEA07E0-16BE-4760-9341-766BCF7502B6}.Release_Unsafe|Any CPU.ActiveCfg = Release|Any CPU
		{ECEA07E0-16BE-4760-9341-766BCF7502B6}.Release_Unsafe|Any CPU.Build.0 = Release|Any CPU
		{ECEA07E0-16BE-4760-9341-766BCF7502B6}.Release|Any CPU.ActiveCfg = Release|Any CPU
		{ECEA07E0-16BE-4760-9341-766BCF7502B6}.Release|Any CPU.Build.0 = Release|Any CPU
		{EE54BD70-CA7B-476A-A308-A1C13D630979}.Debug_Unsafe|Any CPU.ActiveCfg = Debug|Any CPU
		{EE54BD70-CA7B-476A-A308-A1C13D630979}.Debug_Unsafe|Any CPU.Build.0 = Debug|Any CPU
		{EE54BD70-CA7B-476A-A308-A1C13D630979}.Debug|Any CPU.ActiveCfg = Debug|Any CPU
		{EE54BD70-CA7B-476A-A308-A1C13D630979}.Debug|Any CPU.Build.0 = Debug|Any CPU
		{EE54BD70-CA7B-476A-A308-A1C13D630979}.Release_Unsafe|Any CPU.ActiveCfg = Release|Any CPU
		{EE54BD70-CA7B-476A-A308-A1C13D630979}.Release_Unsafe|Any CPU.Build.0 = Release|Any CPU
		{EE54BD70-CA7B-476A-A308-A1C13D630979}.Release|Any CPU.ActiveCfg = Release|Any CPU
		{EE54BD70-CA7B-476A-A308-A1C13D630979}.Release|Any CPU.Build.0 = Release|Any CPU
	EndGlobalSection
	GlobalSection(SolutionProperties) = preSolution
		HideSolutionNode = FALSE
	EndGlobalSection
	GlobalSection(ExtensibilityGlobals) = postSolution
		SolutionGuid = {A4FA34C6-7866-43E1-BDB7-1A7450ED4500}
	EndGlobalSection
EndGlobal
