
Microsoft Visual Studio Solution File, Format Version 12.00
# Visual Studio Version 16
VisualStudioVersion = 16.0.30002.166
MinimumVisualStudioVersion = 10.0.40219.1
Project("{FAE04EC0-301F-11D3-BF4B-00C04F79EFBC}") = "mcsForm", "mcsForm.csproj", "{BB041F85-9DAF-4791-81B8-731C1B8E7D1B}"
EndProject
Project("{FAE04EC0-301F-11D3-BF4B-00C04F79EFBC}") = "mcs", "..\mcs\mcs.csproj", "{29E3884E-3EED-4A26-8155-BD93E576E2CD}"
EndProject
Project("{FAE04EC0-301F-11D3-BF4B-00C04F79EFBC}") = "SharpCompress-mcs", "..\mcs\3rdparty\SharpCompress\SharpCompress-mcs.csproj", "{044B4CDD-3E5C-49EA-89A5-AD1A43166025}"
EndProject
Project("{FAE04EC0-301F-11D3-BF4B-00C04F79EFBC}") = "Svg", "..\mcs\3rdparty\SVG\Source\Svg.csproj", "{886A98C5-37C0-4E8B-885E-30C1D2F98B47}"
EndProject
Global
	GlobalSection(SolutionConfigurationPlatforms) = preSolution
		Debug|Any CPU = Debug|Any CPU
		Release|Any CPU = Release|Any CPU
	EndGlobalSection
	GlobalSection(ProjectConfigurationPlatforms) = postSolution
		{BB041F85-9DAF-4791-81B8-731C1B8E7D1B}.Debug|Any CPU.ActiveCfg = Debug|Any CPU
		{BB041F85-9DAF-4791-81B8-731C1B8E7D1B}.Debug|Any CPU.Build.0 = Debug|Any CPU
		{BB041F85-9DAF-4791-81B8-731C1B8E7D1B}.Release|Any CPU.ActiveCfg = Release|Any CPU
		{BB041F85-9DAF-4791-81B8-731C1B8E7D1B}.Release|Any CPU.Build.0 = Release|Any CPU
		{29E3884E-3EED-4A26-8155-BD93E576E2CD}.Debug|Any CPU.ActiveCfg = Debug|Any CPU
		{29E3884E-3EED-4A26-8155-BD93E576E2CD}.Debug|Any CPU.Build.0 = Debug|Any CPU
		{29E3884E-3EED-4A26-8155-BD93E576E2CD}.Release|Any CPU.ActiveCfg = Release|Any CPU
		{29E3884E-3EED-4A26-8155-BD93E576E2CD}.Release|Any CPU.Build.0 = Release|Any CPU
		{044B4CDD-3E5C-49EA-89A5-AD1A43166025}.Debug|Any CPU.ActiveCfg = Debug|Any CPU
		{044B4CDD-3E5C-49EA-89A5-AD1A43166025}.Debug|Any CPU.Build.0 = Debug|Any CPU
		{044B4CDD-3E5C-49EA-89A5-AD1A43166025}.Release|Any CPU.ActiveCfg = Release|Any CPU
		{044B4CDD-3E5C-49EA-89A5-AD1A43166025}.Release|Any CPU.Build.0 = Release|Any CPU
		{886A98C5-37C0-4E8B-885E-30C1D2F98B47}.Debug|Any CPU.ActiveCfg = Debug|Any CPU
		{886A98C5-37C0-4E8B-885E-30C1D2F98B47}.Debug|Any CPU.Build.0 = Debug|Any CPU
		{886A98C5-37C0-4E8B-885E-30C1D2F98B47}.Release|Any CPU.ActiveCfg = Release|Any CPU
		{886A98C5-37C0-4E8B-885E-30C1D2F98B47}.Release|Any CPU.Build.0 = Release|Any CPU
	EndGlobalSection
	GlobalSection(SolutionProperties) = preSolution
		HideSolutionNode = FALSE
	EndGlobalSection
	GlobalSection(ExtensibilityGlobals) = postSolution
		SolutionGuid = {A4FA34C6-7866-43E1-BDB7-1A7450ED4500}
	EndGlobalSection
EndGlobal
